github.com/tmc/langchaingo v0.1.14 h1:o1qWBPigAIuFvrG6cjTFo0cZPFEZ47ZqpOYMjM15yZc=
github.com/tmc/langchaingo v0.1.14/go.mod h1:aKKYXYoqhIDEv7WKdpnnCLRaqXic69cX9MnDUk72378=
github.com/vendasta/langchaingo v0.1.13 h1:9ToP6coN6LiBJ72NelU1FbmA0excI2xHQie4WJBk+mI=
github.com/vendasta/langchaingo v0.1.13/go.mod h1:nj9MF6unfeo0oR8CbUSaYSrxzOa/i9KN/QIk/nI6h98=
