github.com/alexedwards/scs/v2 v2.5.0 h1:zgxOfNFmiJyXG7UPIuw1g2b9LWBeRLh3PjfB9BDmfL4=
github.com/alexedwards/scs/v2 v2.5.0/go.mod h1:ToaROZxyKukJKT/xLcVQAChi5k6+Pn1Gvmdl7h3RRj8=
github.com/go-chi/chi/v5 v5.0.8 h1:lD+NLqFcAi1ovnVZpsnObHGW4xb4J8lNmoYVfECH1Y0=
github.com/go-chi/chi/v5 v5.0.8/go.mod h1:DslCQbL2OYiznFReuXYUmQ2hGd1aDpCnlMNITLSKoi8=
github.com/roca/go-toolkit/v2 v2.0.0 h1:yp34w15NtYjjkrV8i41EuBPQyW/eNTO2Xotc8zW8Q44=
github.com/roca/go-toolkit/v2 v2.0.0/go.mod h1:Hbx4NZ+i1xhzj7TEa2COUsHOtjgamlNExqrTScI/D70=
